
Microsoft Visual Studio Solution File, Format Version 12.00
# Visual Studio Version 17
VisualStudioVersion = 17.2.32616.157
MinimumVisualStudioVersion = 10.0.40219.1
Project("{9A19103F-16F7-4668-BE54-9A1E7A4F7556}") = "Lista9Ex1", "Lista9Ex1\Lista9Ex1.csproj", "{132BC84A-A54A-4B69-8172-CE590A3A2683}"
EndProject
Global
	GlobalSection(SolutionConfigurationPlatforms) = preSolution
		Debug|Any CPU = Debug|Any CPU
		Release|Any CPU = Release|Any CPU
	EndGlobalSection
	GlobalSection(ProjectConfigurationPlatforms) = postSolution
		{132BC84A-A54A-4B69-8172-CE590A3A2683}.Debug|Any CPU.ActiveCfg = Debug|Any CPU
		{132BC84A-A54A-4B69-8172-CE590A3A2683}.Debug|Any CPU.Build.0 = Debug|Any CPU
		{132BC84A-A54A-4B69-8172-CE590A3A2683}.Release|Any CPU.ActiveCfg = Release|Any CPU
		{132BC84A-A54A-4B69-8172-CE590A3A2683}.Release|Any CPU.Build.0 = Release|Any CPU
	EndGlobalSection
	GlobalSection(SolutionProperties) = preSolution
		HideSolutionNode = FALSE
	EndGlobalSection
	GlobalSection(ExtensibilityGlobals) = postSolution
		SolutionGuid = {933CF4F5-E818-4DFD-B5C9-B2FD30FE1102}
	EndGlobalSection
EndGlobal
