
Microsoft Visual Studio Solution File, Format Version 12.00
# Visual Studio Version 17
VisualStudioVersion = 17.2.32616.157
MinimumVisualStudioVersion = 10.0.40219.1
Project("{FAE04EC0-301F-11D3-BF4B-00C04F79EFBC}") = "WindowsForms", "WindowsForms\WindowsForms.csproj", "{541F1045-BC71-4CAB-9B16-91222032AA95}"
EndProject
Global
	GlobalSection(SolutionConfigurationPlatforms) = preSolution
		Debug|Any CPU = Debug|Any CPU
		Release|Any CPU = Release|Any CPU
	EndGlobalSection
	GlobalSection(ProjectConfigurationPlatforms) = postSolution
		{541F1045-BC71-4CAB-9B16-91222032AA95}.Debug|Any CPU.ActiveCfg = Debug|Any CPU
		{541F1045-BC71-4CAB-9B16-91222032AA95}.Debug|Any CPU.Build.0 = Debug|Any CPU
		{541F1045-BC71-4CAB-9B16-91222032AA95}.Release|Any CPU.ActiveCfg = Release|Any CPU
		{541F1045-BC71-4CAB-9B16-91222032AA95}.Release|Any CPU.Build.0 = Release|Any CPU
	EndGlobalSection
	GlobalSection(SolutionProperties) = preSolution
		HideSolutionNode = FALSE
	EndGlobalSection
	GlobalSection(ExtensibilityGlobals) = postSolution
		SolutionGuid = {32C91499-BBC9-4414-B7E7-2C4F7C389067}
	EndGlobalSection
EndGlobal
