
Microsoft Visual Studio Solution File, Format Version 12.00
# Visual Studio Version 17
VisualStudioVersion = 17.2.32616.157
MinimumVisualStudioVersion = 10.0.40219.1
Project("{FAE04EC0-301F-11D3-BF4B-00C04F79EFBC}") = "Lista8Ex3", "Lista8Ex3\Lista8Ex3.csproj", "{995A63A1-7562-43D7-985B-E709B015C6E3}"
EndProject
Global
	GlobalSection(SolutionConfigurationPlatforms) = preSolution
		Debug|Any CPU = Debug|Any CPU
		Release|Any CPU = Release|Any CPU
	EndGlobalSection
	GlobalSection(ProjectConfigurationPlatforms) = postSolution
		{995A63A1-7562-43D7-985B-E709B015C6E3}.Debug|Any CPU.ActiveCfg = Debug|Any CPU
		{995A63A1-7562-43D7-985B-E709B015C6E3}.Debug|Any CPU.Build.0 = Debug|Any CPU
		{995A63A1-7562-43D7-985B-E709B015C6E3}.Release|Any CPU.ActiveCfg = Release|Any CPU
		{995A63A1-7562-43D7-985B-E709B015C6E3}.Release|Any CPU.Build.0 = Release|Any CPU
	EndGlobalSection
	GlobalSection(SolutionProperties) = preSolution
		HideSolutionNode = FALSE
	EndGlobalSection
	GlobalSection(ExtensibilityGlobals) = postSolution
		SolutionGuid = {D56F10A8-3DF0-48CC-9709-CAFDDF7815DC}
	EndGlobalSection
EndGlobal
