
Microsoft Visual Studio Solution File, Format Version 12.00
# Visual Studio Version 17
VisualStudioVersion = 17.2.32616.157
MinimumVisualStudioVersion = 10.0.40219.1
Project("{FAE04EC0-301F-11D3-BF4B-00C04F79EFBC}") = "Lista7Ex5", "Lista7Ex5\Lista7Ex5.csproj", "{31DA89AD-37A2-459C-AE5A-54FEE68250D9}"
EndProject
Global
	GlobalSection(SolutionConfigurationPlatforms) = preSolution
		Debug|Any CPU = Debug|Any CPU
		Release|Any CPU = Release|Any CPU
	EndGlobalSection
	GlobalSection(ProjectConfigurationPlatforms) = postSolution
		{31DA89AD-37A2-459C-AE5A-54FEE68250D9}.Debug|Any CPU.ActiveCfg = Debug|Any CPU
		{31DA89AD-37A2-459C-AE5A-54FEE68250D9}.Debug|Any CPU.Build.0 = Debug|Any CPU
		{31DA89AD-37A2-459C-AE5A-54FEE68250D9}.Release|Any CPU.ActiveCfg = Release|Any CPU
		{31DA89AD-37A2-459C-AE5A-54FEE68250D9}.Release|Any CPU.Build.0 = Release|Any CPU
	EndGlobalSection
	GlobalSection(SolutionProperties) = preSolution
		HideSolutionNode = FALSE
	EndGlobalSection
	GlobalSection(ExtensibilityGlobals) = postSolution
		SolutionGuid = {2D094635-6668-4725-96BB-0E584F490F9B}
	EndGlobalSection
EndGlobal
