
Microsoft Visual Studio Solution File, Format Version 12.00
# Visual Studio Version 17
VisualStudioVersion = 17.2.32616.157
MinimumVisualStudioVersion = 10.0.40219.1
Project("{FAE04EC0-301F-11D3-BF4B-00C04F79EFBC}") = "Lista8Ex2", "Lista8Ex2\Lista8Ex2.csproj", "{B7B41889-A21F-409C-916A-C8218D77256E}"
EndProject
Global
	GlobalSection(SolutionConfigurationPlatforms) = preSolution
		Debug|Any CPU = Debug|Any CPU
		Release|Any CPU = Release|Any CPU
	EndGlobalSection
	GlobalSection(ProjectConfigurationPlatforms) = postSolution
		{B7B41889-A21F-409C-916A-C8218D77256E}.Debug|Any CPU.ActiveCfg = Debug|Any CPU
		{B7B41889-A21F-409C-916A-C8218D77256E}.Debug|Any CPU.Build.0 = Debug|Any CPU
		{B7B41889-A21F-409C-916A-C8218D77256E}.Release|Any CPU.ActiveCfg = Release|Any CPU
		{B7B41889-A21F-409C-916A-C8218D77256E}.Release|Any CPU.Build.0 = Release|Any CPU
	EndGlobalSection
	GlobalSection(SolutionProperties) = preSolution
		HideSolutionNode = FALSE
	EndGlobalSection
	GlobalSection(ExtensibilityGlobals) = postSolution
		SolutionGuid = {B13E1198-5166-42C2-AD94-207851040E97}
	EndGlobalSection
EndGlobal
