
Microsoft Visual Studio Solution File, Format Version 12.00
# Visual Studio Version 17
VisualStudioVersion = 17.2.32616.157
MinimumVisualStudioVersion = 10.0.40219.1
Project("{FAE04EC0-301F-11D3-BF4B-00C04F79EFBC}") = "Lista9Ex3", "Lista9Ex3\Lista9Ex3.csproj", "{4BCA0195-D603-4026-AE7A-4A9D1C270ABC}"
EndProject
Global
	GlobalSection(SolutionConfigurationPlatforms) = preSolution
		Debug|Any CPU = Debug|Any CPU
		Release|Any CPU = Release|Any CPU
	EndGlobalSection
	GlobalSection(ProjectConfigurationPlatforms) = postSolution
		{4BCA0195-D603-4026-AE7A-4A9D1C270ABC}.Debug|Any CPU.ActiveCfg = Debug|Any CPU
		{4BCA0195-D603-4026-AE7A-4A9D1C270ABC}.Debug|Any CPU.Build.0 = Debug|Any CPU
		{4BCA0195-D603-4026-AE7A-4A9D1C270ABC}.Release|Any CPU.ActiveCfg = Release|Any CPU
		{4BCA0195-D603-4026-AE7A-4A9D1C270ABC}.Release|Any CPU.Build.0 = Release|Any CPU
	EndGlobalSection
	GlobalSection(SolutionProperties) = preSolution
		HideSolutionNode = FALSE
	EndGlobalSection
	GlobalSection(ExtensibilityGlobals) = postSolution
		SolutionGuid = {B22E95CD-BAE9-4544-BA24-530D1DAA8B99}
	EndGlobalSection
EndGlobal
